{
  "name": "lits-extras",
  "version": "1.0.7",
  "lockfileVersion": 3,
  "requires": true,
  "packages": {
    "": {
      "name": "lits-extras",
      "version": "1.0.7",
      "license": "MPL-2.0",
      "dependencies": {
        "taitto": "file:../taitto",
        "zora": "^4.1.0"
      },
      "devDependencies": {
        "@types/node": "^16.4.13"
      }
    },
    "../taitto": {
      "version": "1.0.5",
      "license": "MIT",
      "dependencies": {
        "dagre": "^0.8.5"
      },
      "devDependencies": {
        "@types/css-font-loading-module": "0.0.10",
        "@types/dagre": "^0.7.51"
      }
    },
    "node_modules/@types/node": {
      "version": "16.18.59",
      "resolved": "https://registry.npmjs.org/@types/node/-/node-16.18.59.tgz",
      "integrity": "sha512-PJ1w2cNeKUEdey4LiPra0ZuxZFOGvetswE8qHRriV/sUkL5Al4tTmPV9D2+Y/TPIxTHHgxTfRjZVKWhPw/ORhQ==",
      "dev": true
    },
    "node_modules/taitto": {
      "resolved": "../taitto",
      "link": true
    },
    "node_modules/zora": {
      "version": "4.1.0",
      "resolved": "https://registry.npmjs.org/zora/-/zora-4.1.0.tgz",
      "integrity": "sha512-tFowFksaFIwp0hzZ9dhM1rlaicS6VNjNMxEH3phgR5Glz3EMAoRujjJ50aTLAsl//SArTdG/kBt5EuvhqS6mww=="
    }
  }
}
